
Microsoft Visual Studio Solution File, Format Version 12.00
# Visual Studio Version 17
VisualStudioVersion = 17.9.34728.123
MinimumVisualStudioVersion = 10.0.40219.1
Project("{FAE04EC0-301F-11D3-BF4B-00C04F79EFBC}") = "Week6StringAndArrays", "Week6StringAndArrays\Week6StringAndArrays.csproj", "{5C3D5E9A-4370-4767-AF4A-AE99E18A7FA1}"
EndProject
Project("{FAE04EC0-301F-11D3-BF4B-00C04F79EFBC}") = "Arrays", "Arrays\Arrays.csproj", "{F66DA2F9-5D38-49CD-B3A8-3E3A645EBC7C}"
EndProject
Project("{FAE04EC0-301F-11D3-BF4B-00C04F79EFBC}") = "numberArray", "numberArray\numberArray.csproj", "{92A97250-4359-4FB0-98D5-EE913808ECC8}"
EndProject
Project("{FAE04EC0-301F-11D3-BF4B-00C04F79EFBC}") = "RandomElement", "RandomElement\RandomElement.csproj", "{687A52E9-88F0-4AA1-B941-FE8C712E7A80}"
EndProject
Global
	GlobalSection(SolutionConfigurationPlatforms) = preSolution
		Debug|Any CPU = Debug|Any CPU
		Release|Any CPU = Release|Any CPU
	EndGlobalSection
	GlobalSection(ProjectConfigurationPlatforms) = postSolution
		{5C3D5E9A-4370-4767-AF4A-AE99E18A7FA1}.Debug|Any CPU.ActiveCfg = Debug|Any CPU
		{5C3D5E9A-4370-4767-AF4A-AE99E18A7FA1}.Debug|Any CPU.Build.0 = Debug|Any CPU
		{5C3D5E9A-4370-4767-AF4A-AE99E18A7FA1}.Release|Any CPU.ActiveCfg = Release|Any CPU
		{5C3D5E9A-4370-4767-AF4A-AE99E18A7FA1}.Release|Any CPU.Build.0 = Release|Any CPU
		{F66DA2F9-5D38-49CD-B3A8-3E3A645EBC7C}.Debug|Any CPU.ActiveCfg = Debug|Any CPU
		{F66DA2F9-5D38-49CD-B3A8-3E3A645EBC7C}.Debug|Any CPU.Build.0 = Debug|Any CPU
		{F66DA2F9-5D38-49CD-B3A8-3E3A645EBC7C}.Release|Any CPU.ActiveCfg = Release|Any CPU
		{F66DA2F9-5D38-49CD-B3A8-3E3A645EBC7C}.Release|Any CPU.Build.0 = Release|Any CPU
		{92A97250-4359-4FB0-98D5-EE913808ECC8}.Debug|Any CPU.ActiveCfg = Debug|Any CPU
		{92A97250-4359-4FB0-98D5-EE913808ECC8}.Debug|Any CPU.Build.0 = Debug|Any CPU
		{92A97250-4359-4FB0-98D5-EE913808ECC8}.Release|Any CPU.ActiveCfg = Release|Any CPU
		{92A97250-4359-4FB0-98D5-EE913808ECC8}.Release|Any CPU.Build.0 = Release|Any CPU
		{687A52E9-88F0-4AA1-B941-FE8C712E7A80}.Debug|Any CPU.ActiveCfg = Debug|Any CPU
		{687A52E9-88F0-4AA1-B941-FE8C712E7A80}.Debug|Any CPU.Build.0 = Debug|Any CPU
		{687A52E9-88F0-4AA1-B941-FE8C712E7A80}.Release|Any CPU.ActiveCfg = Release|Any CPU
		{687A52E9-88F0-4AA1-B941-FE8C712E7A80}.Release|Any CPU.Build.0 = Release|Any CPU
	EndGlobalSection
	GlobalSection(SolutionProperties) = preSolution
		HideSolutionNode = FALSE
	EndGlobalSection
	GlobalSection(ExtensibilityGlobals) = postSolution
		SolutionGuid = {612C8D73-1611-4F4E-86AA-38FECF27AB6A}
	EndGlobalSection
EndGlobal
